
Microsoft Visual Studio Solution File, Format Version 12.00
# Visual Studio Version 16
VisualStudioVersion = 16.0.28407.52
MinimumVisualStudioVersion = 10.0.40219.1
Project("{9A19103F-16F7-4668-BE54-9A1E7A4F7556}") = "FakeHttpMessageHandler", "FakeHttpMessageHandler\FakeHttpMessageHandler.csproj", "{A7AE5262-9DC2-45C4-964D-34C5E63ED041}"
EndProject
Project("{FAE04EC0-301F-11D3-BF4B-00C04F79EFBC}") = "FakeHttpMessageHandler.Tests", "FakeHttpMessageHandler.Tests\FakeHttpMessageHandler.Tests.csproj", "{E0337326-3F10-41F5-B8A9-61E6FDBDC11D}"
EndProject
Global
	GlobalSection(SolutionConfigurationPlatforms) = preSolution
		Debug|Any CPU = Debug|Any CPU
		Release|Any CPU = Release|Any CPU
	EndGlobalSection
	GlobalSection(ProjectConfigurationPlatforms) = postSolution
		{A7AE5262-9DC2-45C4-964D-34C5E63ED041}.Debug|Any CPU.ActiveCfg = Debug|Any CPU
		{A7AE5262-9DC2-45C4-964D-34C5E63ED041}.Debug|Any CPU.Build.0 = Debug|Any CPU
		{A7AE5262-9DC2-45C4-964D-34C5E63ED041}.Release|Any CPU.ActiveCfg = Release|Any CPU
		{A7AE5262-9DC2-45C4-964D-34C5E63ED041}.Release|Any CPU.Build.0 = Release|Any CPU
		{E0337326-3F10-41F5-B8A9-61E6FDBDC11D}.Debug|Any CPU.ActiveCfg = Debug|Any CPU
		{E0337326-3F10-41F5-B8A9-61E6FDBDC11D}.Debug|Any CPU.Build.0 = Debug|Any CPU
		{E0337326-3F10-41F5-B8A9-61E6FDBDC11D}.Release|Any CPU.ActiveCfg = Release|Any CPU
		{E0337326-3F10-41F5-B8A9-61E6FDBDC11D}.Release|Any CPU.Build.0 = Release|Any CPU
	EndGlobalSection
	GlobalSection(SolutionProperties) = preSolution
		HideSolutionNode = FALSE
	EndGlobalSection
	GlobalSection(ExtensibilityGlobals) = postSolution
		SolutionGuid = {AC0E3F77-76F2-48E1-B7E1-8CF737B28B35}
	EndGlobalSection
EndGlobal
